
Microsoft Visual Studio Solution File, Format Version 12.00
# Visual Studio Version 16
VisualStudioVersion = 16.0.35229.62
MinimumVisualStudioVersion = 10.0.40219.1
Project("{FAE04EC0-301F-11D3-BF4B-00C04F79EFBC}") = "sharp1_3", "sharp1_3\sharp1_3.csproj", "{A74EA5F5-6861-431F-BED1-0D038575545E}"
EndProject
Global
	GlobalSection(SolutionConfigurationPlatforms) = preSolution
		Debug|Any CPU = Debug|Any CPU
		Release|Any CPU = Release|Any CPU
	EndGlobalSection
	GlobalSection(ProjectConfigurationPlatforms) = postSolution
		{A74EA5F5-6861-431F-BED1-0D038575545E}.Debug|Any CPU.ActiveCfg = Debug|Any CPU
		{A74EA5F5-6861-431F-BED1-0D038575545E}.Debug|Any CPU.Build.0 = Debug|Any CPU
		{A74EA5F5-6861-431F-BED1-0D038575545E}.Release|Any CPU.ActiveCfg = Release|Any CPU
		{A74EA5F5-6861-431F-BED1-0D038575545E}.Release|Any CPU.Build.0 = Release|Any CPU
	EndGlobalSection
	GlobalSection(SolutionProperties) = preSolution
		HideSolutionNode = FALSE
	EndGlobalSection
	GlobalSection(ExtensibilityGlobals) = postSolution
		SolutionGuid = {4F22A01E-7C43-48DF-A583-D88FE7D2E8EF}
	EndGlobalSection
EndGlobal
