
Microsoft Visual Studio Solution File, Format Version 12.00
# Visual Studio Version 16
VisualStudioVersion = 16.0.35229.62
MinimumVisualStudioVersion = 10.0.40219.1
Project("{FAE04EC0-301F-11D3-BF4B-00C04F79EFBC}") = "sharp1_4", "sharp1_4\sharp1_4.csproj", "{72C30D30-99AB-4105-B254-EB532B831F70}"
EndProject
Global
	GlobalSection(SolutionConfigurationPlatforms) = preSolution
		Debug|Any CPU = Debug|Any CPU
		Release|Any CPU = Release|Any CPU
	EndGlobalSection
	GlobalSection(ProjectConfigurationPlatforms) = postSolution
		{72C30D30-99AB-4105-B254-EB532B831F70}.Debug|Any CPU.ActiveCfg = Debug|Any CPU
		{72C30D30-99AB-4105-B254-EB532B831F70}.Debug|Any CPU.Build.0 = Debug|Any CPU
		{72C30D30-99AB-4105-B254-EB532B831F70}.Release|Any CPU.ActiveCfg = Release|Any CPU
		{72C30D30-99AB-4105-B254-EB532B831F70}.Release|Any CPU.Build.0 = Release|Any CPU
	EndGlobalSection
	GlobalSection(SolutionProperties) = preSolution
		HideSolutionNode = FALSE
	EndGlobalSection
	GlobalSection(ExtensibilityGlobals) = postSolution
		SolutionGuid = {578DFA22-4B6E-4428-9111-86A980766170}
	EndGlobalSection
EndGlobal
